
Microsoft Visual Studio Solution File, Format Version 12.00
# Visual Studio Version 17
VisualStudioVersion = 17.10.35004.147
MinimumVisualStudioVersion = 10.0.40219.1
Project("{FAE04EC0-301F-11D3-BF4B-00C04F79EFBC}") = "AuraChat", "AuraChat\AuraChat.csproj", "{6A4BF5E3-BD1E-4793-881E-90924C783815}"
EndProject
Project("{FAE04EC0-301F-11D3-BF4B-00C04F79EFBC}") = "AuraChat.Tests", "AuraChat.Tests\AuraChat.Tests.csproj", "{52E38592-20BB-4600-A8D4-5CAE17322A59}"
EndProject
Global
	GlobalSection(SolutionConfigurationPlatforms) = preSolution
		Debug|Any CPU = Debug|Any CPU
		Release|Any CPU = Release|Any CPU
	EndGlobalSection
	GlobalSection(ProjectConfigurationPlatforms) = postSolution
		{6A4BF5E3-BD1E-4793-881E-90924C783815}.Debug|Any CPU.ActiveCfg = Debug|Any CPU
		{6A4BF5E3-BD1E-4793-881E-90924C783815}.Debug|Any CPU.Build.0 = Debug|Any CPU
		{6A4BF5E3-BD1E-4793-881E-90924C783815}.Release|Any CPU.ActiveCfg = Release|Any CPU
		{6A4BF5E3-BD1E-4793-881E-90924C783815}.Release|Any CPU.Build.0 = Release|Any CPU
		{52E38592-20BB-4600-A8D4-5CAE17322A59}.Debug|Any CPU.ActiveCfg = Debug|Any CPU
		{52E38592-20BB-4600-A8D4-5CAE17322A59}.Debug|Any CPU.Build.0 = Debug|Any CPU
		{52E38592-20BB-4600-A8D4-5CAE17322A59}.Release|Any CPU.ActiveCfg = Release|Any CPU
		{52E38592-20BB-4600-A8D4-5CAE17322A59}.Release|Any CPU.Build.0 = Release|Any CPU
	EndGlobalSection
	GlobalSection(SolutionProperties) = preSolution
		HideSolutionNode = FALSE
	EndGlobalSection
	GlobalSection(ExtensibilityGlobals) = postSolution
		SolutionGuid = {1B6D012B-2BEF-464F-A226-79BF58077CED}
	EndGlobalSection
EndGlobal
